lockfileVersion: '9.0'

settings:
  autoInstallPeers: true
  excludeLinksFromLockfile: false

importers:

  .:
    dependencies:
      '@braintree/sanitize-url':
        specifier: ^7.1.2
        version: 7.1.2
      '@tinyhttp/app':
        specifier: ^2.0.0
        version: 2.0.0
      follow-redirects:
        specifier: ^1.16.0
        version: 1.16.0
      sirv:
        specifier: ^1.0.17
        version: 1.0.17

packages:

  '@braintree/sanitize-url@7.1.2':
    resolution: {integrity: sha512-jigsZK+sMF/cuiB7sERuo9V7N9jx+dhmHHnQyDSVdpZwVutaBu7WvNYqMDLSgFgfB30n452TP3vjDAvFC973mA==}

  '@polka/url@1.0.0-next.20':
    resolution: {integrity: sha512-88p7+M0QGxKpmnkfXjS4V26AnoC/eiqZutE8GLdaI5X12NY75bXSdTY9NkmYb2Xyk1O+MmkuO6Frmsj84V6I8Q==}

  '@tinyhttp/accepts@2.0.0':
    resolution: {integrity: sha512-bBGrvydoZ1mPkHxzQkI09jwnxZDkeswtFmIaj9CZ96SYmGeaqadpcmbBSu7OkVa7rAwJfQ41MpovV0cyKI5UaA==}
    engines: {node: '>=12.4.0'}

  '@tinyhttp/app@2.0.0':
    resolution: {integrity: sha512-tWLPGE3hCQQf+rR5uLICIrGu7r4ok9zCDkbJwXfscz9ZaHx1L+PNdxvmBT60KHFMzew51xi4bacmGVEGsybpSg==}
    engines: {node: '>=12.x'}

  '@tinyhttp/content-disposition@2.0.0':
    resolution: {integrity: sha512-pg2Css3/OCsew8Rqh9YIu4b6vdSyIzJ+hJc7xVuERfMx3OypEoulLKgy1J/jYxVXb2/KRovXLN04mmrfANLpEQ==}
    engines: {node: '>=12.4.0'}

  '@tinyhttp/cookie-signature@2.0.0':
    resolution: {integrity: sha512-sd83Zaq0Nd+lqdrGlDNuPzshU8sXoAb1yZ9lqlCs9gqC5UMuUSlHKINUxnLRRwcmztRgC2o4rcdNdKtaOC+oqQ==}
    engines: {node: '>=12.4.0'}

  '@tinyhttp/cookie@2.0.0':
    resolution: {integrity: sha512-lketXHMyEmsztf+UV3b+vbDhtX0cFjC31KuLRPIN7atuTNOfCNa6pDrvjLLe6Vt9JHpruZu++DSDtZPjcJTlpQ==}
    engines: {node: '>=12.4.0'}

  '@tinyhttp/encode-url@2.0.0':
    resolution: {integrity: sha512-LbjZbMWN9S3VAJ3Xlq1W6lpJPsAp62quMJCY1W71j4K/pchIMwGhUCUf1xk68jqHbHzNOoZ/kyaR+/9dDkbi8A==}
    engines: {node: '>=12.4.0'}

  '@tinyhttp/etag@2.0.0':
    resolution: {integrity: sha512-+qi7KjA1wlgCOSUwJfbW9ACy6fSyDx9t7A8SzbyukWH6Rg5IRkFAwn6ooPHDuPWaUhaCl402t+tm+/np+GiTLw==}
    engines: {node: '>=12.4.0'}

  '@tinyhttp/forwarded@2.0.0':
    resolution: {integrity: sha512-NtARty+M7SlY9j2I5UqOeJxAysBz1X2D3XReu0PRMRxwohXEArkp1TyJHzNv19NUCVi6Cl6LPgZ6w0jzfdOkVg==}
    engines: {node: '>=12.4.0'}

  '@tinyhttp/proxy-addr@2.0.0':
    resolution: {integrity: sha512-51rmpA84BVZOxeswrFEuR5MhipQ5IruHTAeZSfCY6rkwKarMKz8OENnecvHU0u7ONVvhKQbNWEL80ddYrzs4yg==}
    engines: {node: '>=12.4.0'}

  '@tinyhttp/req@2.0.0':
    resolution: {integrity: sha512-2p/IG5QEZ11bLOdOdrPPpxncP5nlNZ1FvJ/pfY6WYgwr/627mAgQVRJGu8M76f61qfve/ITuP2YfkUgmD5g7Aw==}
    engines: {node: '>=12.4.0'}

  '@tinyhttp/res@2.0.0':
    resolution: {integrity: sha512-C9VVia4narJ/5V2sKB3VN6a6xFnE1O+LFqCIMi+yR4yHKP/DZNibtTbnrFYqA/0YVUwPLh53Hw+AkvBAFK1u7Q==}
    engines: {node: '>=12.4.0'}

  '@tinyhttp/router@2.0.0':
    resolution: {integrity: sha512-hH/kFhsTkaZQfKQI3S82SLEzoMxPAEuw26VqlvrkgaIZVW9hfwvM/lmbplj5KcrPLkzUKz1zYJofgr69CV0Klg==}
    engines: {node: '>=12.4.0'}

  '@tinyhttp/send@2.0.0':
    resolution: {integrity: sha512-L3avzFlfIc3Hle0QriiLbFYjeJa40OGHX3Y9vM4jFORhDo/hEcLaaQjB4D4vZN19vrLFXXKfrGA5raL004TZwQ==}
    engines: {node: '>=12.4.0'}

  '@tinyhttp/type-is@2.0.0':
    resolution: {integrity: sha512-chuPbjRcT4V1kh1EHphwWCro7EaSK0LG3ipmjmyLB0V6CH2DRmNNpEV8ZMHO8HRcGIvbh/09A2Zi0QOBmjAUNw==}
    engines: {node: '>=12.4.0'}

  '@tinyhttp/url@2.0.0':
    resolution: {integrity: sha512-mHgBf3ZmRNoNgnzkfVbEk/RpSqOYpY8s3jlojs53Ltls05GoRXX4lNZ516lWkX+eq0ETdAEGNg/5bHTEHidhKA==}
    engines: {node: '>=12.4.0'}

  es-content-type@0.1.0:
    resolution: {integrity: sha512-DqWU9pSzhNlO10q+NQ/KebImLkKbwbcy0pSv3hNQfEpKFHsrqDJz2vajpZdq7nkiG9DoJcTh22oHGymp7XJd9g==}
    engines: {node: '>=12.x'}

  es-escape-html@0.1.1:
    resolution: {integrity: sha512-yUx1o+8RsG7UlszmYPtks+dm6Lho2m8lgHMOsLJQsFI0R8XwUJwiMhM1M4E/S8QLeGyf6MkDV/pWgjQ0tdTSyQ==}
    engines: {node: '>=12.x'}

  es-fresh@0.0.10:
    resolution: {integrity: sha512-/e5etUqtxj7JktALldpsDNC84DOHavN9PqojnTTGeX1M2/Q4/SF8d55d7AsB3n66WYS43hdBbn0sAllto5kSIg==}
    engines: {node: '>=12.x'}

  es-mime-types@0.1.3:
    resolution: {integrity: sha512-LcyBLQFEm2wnZdvbLYHDZ03Yb55hX/v7TNhPpgZKeOleJFTkwF4bYkkBFHRBEvg+9duGxx3cMYVkwBDMcA+LfA==}
    engines: {node: '>=12.x'}

  es-vary@0.1.1:
    resolution: {integrity: sha512-4UOWrTu8lz5otSyWxcS0LbYz8WyYOEiWHGkBIu0VfhTsY+vtc7+fOSDHsxtEUBeu7mDnTwqsKg5NEXeq5Da1Hg==}
    engines: {node: '>=12.x'}

  follow-redirects@1.16.0:
    resolution: {integrity: sha512-y5rN/uOsadFT/JfYwhxRS5R7Qce+g3zG97+JrtFZlC9klX/W5hD7iiLzScI4nZqUS7DNUdhPgw4xI8W2LuXlUw==}
    engines: {node: '>=4.0'}
    peerDependencies:
      debug: '*'
    peerDependenciesMeta:
      debug:
        optional: true

  ipaddr.js@2.0.1:
    resolution: {integrity: sha512-1qTgH9NG+IIJ4yfKs2e6Pp1bZg8wbDbKHT21HrLIeYBTRLgMYKnMTPAuI3Lcs61nfx5h1xlXnbJtH1kX5/d/ng==}
    engines: {node: '>= 10'}

  mime-db@1.49.0:
    resolution: {integrity: sha512-CIc8j9URtOVApSFCQIF+VBkX1RwXp/oMMOrqdyXSBXq5RWNEsRfyj1kiRnQgmNXmHxPoFIxOroKA3zcU9P+nAA==}
    engines: {node: '>= 0.6'}

  mime@2.5.2:
    resolution: {integrity: sha512-tqkh47FzKeCPD2PUiPB6pkbMzsCasjxAfC62/Wap5qrUWcb+sFasXUC5I3gYM5iBM8v/Qpn4UK0x+j0iHyFPDg==}
    engines: {node: '>=4.0.0'}
    hasBin: true

  negotiator@0.6.2:
    resolution: {integrity: sha512-hZXc7K2e+PgeI1eDBe/10Ard4ekbfrrqG8Ep+8Jmf4JID2bNg7NvCPOZN+kfF574pFQI7mum2AUqDidoKqcTOw==}
    engines: {node: '>= 0.6'}

  range-parser@1.2.1:
    resolution: {integrity: sha512-Hrgsx+orqoygnmhFbKaHE6c296J+HTAQXoxEF6gNupROmmGJRoyzfG3ccAveqCBrwr/2yxQ5BVd/GTl5agOwSg==}
    engines: {node: '>= 0.6'}

  regexparam@2.0.0:
    resolution: {integrity: sha512-gJKwd2MVPWHAIFLsaYDZfyKzHNS4o7E/v8YmNf44vmeV2e4YfVoDToTOKTvE7ab68cRJ++kLuEXJBaEeJVt5ow==}
    engines: {node: '>=8'}

  sirv@1.0.17:
    resolution: {integrity: sha512-qx9go5yraB7ekT7bCMqUHJ5jEaOC/GXBxUWv+jeWnb7WzHUFdcQPGWk7YmAwFBaQBrogpuSqd/azbC2lZRqqmw==}
    engines: {node: '>= 10'}

  totalist@1.1.0:
    resolution: {integrity: sha512-gduQwd1rOdDMGxFG1gEvhV88Oirdo2p+KjoYFU7k2g+i7n6AFFbDQ5kMPUsW0pNbfQsB/cwXvT1i4Bue0s9g5g==}
    engines: {node: '>=6'}

snapshots:

  '@braintree/sanitize-url@7.1.2': {}

  '@polka/url@1.0.0-next.20': {}

  '@tinyhttp/accepts@2.0.0':
    dependencies:
      es-mime-types: 0.1.3
      negotiator: 0.6.2

  '@tinyhttp/app@2.0.0':
    dependencies:
      '@tinyhttp/cookie': 2.0.0
      '@tinyhttp/proxy-addr': 2.0.0
      '@tinyhttp/req': 2.0.0
      '@tinyhttp/res': 2.0.0
      '@tinyhttp/router': 2.0.0
      regexparam: 2.0.0

  '@tinyhttp/content-disposition@2.0.0': {}

  '@tinyhttp/cookie-signature@2.0.0': {}

  '@tinyhttp/cookie@2.0.0': {}

  '@tinyhttp/encode-url@2.0.0': {}

  '@tinyhttp/etag@2.0.0': {}

  '@tinyhttp/forwarded@2.0.0': {}

  '@tinyhttp/proxy-addr@2.0.0':
    dependencies:
      '@tinyhttp/forwarded': 2.0.0
      ipaddr.js: 2.0.1

  '@tinyhttp/req@2.0.0':
    dependencies:
      '@tinyhttp/accepts': 2.0.0
      '@tinyhttp/type-is': 2.0.0
      '@tinyhttp/url': 2.0.0
      es-fresh: 0.0.10
      range-parser: 1.2.1

  '@tinyhttp/res@2.0.0':
    dependencies:
      '@tinyhttp/content-disposition': 2.0.0
      '@tinyhttp/cookie': 2.0.0
      '@tinyhttp/cookie-signature': 2.0.0
      '@tinyhttp/encode-url': 2.0.0
      '@tinyhttp/req': 2.0.0
      '@tinyhttp/send': 2.0.0
      es-escape-html: 0.1.1
      es-mime-types: 0.1.3
      es-vary: 0.1.1

  '@tinyhttp/router@2.0.0': {}

  '@tinyhttp/send@2.0.0':
    dependencies:
      '@tinyhttp/etag': 2.0.0
      es-content-type: 0.1.0
      es-mime-types: 0.1.3

  '@tinyhttp/type-is@2.0.0':
    dependencies:
      es-content-type: 0.1.0
      es-mime-types: 0.1.3

  '@tinyhttp/url@2.0.0': {}

  es-content-type@0.1.0: {}

  es-escape-html@0.1.1: {}

  es-fresh@0.0.10: {}

  es-mime-types@0.1.3:
    dependencies:
      mime-db: 1.49.0

  es-vary@0.1.1: {}

  follow-redirects@1.16.0: {}

  ipaddr.js@2.0.1: {}

  mime-db@1.49.0: {}

  mime@2.5.2: {}

  negotiator@0.6.2: {}

  range-parser@1.2.1: {}

  regexparam@2.0.0: {}

  sirv@1.0.17:
    dependencies:
      '@polka/url': 1.0.0-next.20
      mime: 2.5.2
      totalist: 1.1.0

  totalist@1.1.0: {}
