# THIS IS AN AUTOGENERATED FILE. DO NOT EDIT THIS FILE DIRECTLY.
# yarn lockfile v1


"@braintree/sanitize-url@^5.0.2":
  version "5.0.2"
  resolved "https://registry.yarnpkg.com/@braintree/sanitize-url/-/sanitize-url-5.0.2.tgz#b23080fa35520e993a8a37a0f5bca26aa4650a48"
  integrity sha512-NBEJlHWrhQucLhZGHtSxM2loSaNUMajC7KOYJLyfcdW/6goVoff2HoYI3bz8YCDN0wKGbxtUL0gx2dvHpvnWlw==

"@polka/url@^1.0.0-next.20":
  version "1.0.0-next.20"
  resolved "https://registry.yarnpkg.com/@polka/url/-/url-1.0.0-next.20.tgz#111b5db0f501aa89b05076fa31f0ea0e0c292cd3"
  integrity sha512-88p7+M0QGxKpmnkfXjS4V26AnoC/eiqZutE8GLdaI5X12NY75bXSdTY9NkmYb2Xyk1O+MmkuO6Frmsj84V6I8Q==

"@tinyhttp/accepts@2.0.0":
  version "2.0.0"
  resolved "https://registry.yarnpkg.com/@tinyhttp/accepts/-/accepts-2.0.0.tgz#a67ce13f2b2f89dd8f20578a6def049fdd2310b2"
  integrity sha512-bBGrvydoZ1mPkHxzQkI09jwnxZDkeswtFmIaj9CZ96SYmGeaqadpcmbBSu7OkVa7rAwJfQ41MpovV0cyKI5UaA==
  dependencies:
    es-mime-types "^0.1.3"
    negotiator "^0.6.2"

"@tinyhttp/app@^2.0.0":
  version "2.0.0"
  resolved "https://registry.yarnpkg.com/@tinyhttp/app/-/app-2.0.0.tgz#3c90372254c9162b1275066b07957e28263c1156"
  integrity sha512-tWLPGE3hCQQf+rR5uLICIrGu7r4ok9zCDkbJwXfscz9ZaHx1L+PNdxvmBT60KHFMzew51xi4bacmGVEGsybpSg==
  dependencies:
    "@tinyhttp/cookie" "2.0.0"
    "@tinyhttp/proxy-addr" "2.0.0"
    "@tinyhttp/req" "2.0.0"
    "@tinyhttp/res" "2.0.0"
    "@tinyhttp/router" "2.0.0"
    regexparam "^2.0.0"

"@tinyhttp/content-disposition@2.0.0":
  version "2.0.0"
  resolved "https://registry.yarnpkg.com/@tinyhttp/content-disposition/-/content-disposition-2.0.0.tgz#9ea10b1123eac96072903486a4d2362fee1d8f0c"
  integrity sha512-pg2Css3/OCsew8Rqh9YIu4b6vdSyIzJ+hJc7xVuERfMx3OypEoulLKgy1J/jYxVXb2/KRovXLN04mmrfANLpEQ==

"@tinyhttp/cookie-signature@2.0.0":
  version "2.0.0"
  resolved "https://registry.yarnpkg.com/@tinyhttp/cookie-signature/-/cookie-signature-2.0.0.tgz#243cbff34379bd94b3e0ab93c7b59d085d56df4d"
  integrity sha512-sd83Zaq0Nd+lqdrGlDNuPzshU8sXoAb1yZ9lqlCs9gqC5UMuUSlHKINUxnLRRwcmztRgC2o4rcdNdKtaOC+oqQ==

"@tinyhttp/cookie@2.0.0":
  version "2.0.0"
  resolved "https://registry.yarnpkg.com/@tinyhttp/cookie/-/cookie-2.0.0.tgz#55e17def05cdf44d17179b9569476c3db6d5ea59"
  integrity sha512-lketXHMyEmsztf+UV3b+vbDhtX0cFjC31KuLRPIN7atuTNOfCNa6pDrvjLLe6Vt9JHpruZu++DSDtZPjcJTlpQ==

"@tinyhttp/encode-url@2.0.0":
  version "2.0.0"
  resolved "https://registry.yarnpkg.com/@tinyhttp/encode-url/-/encode-url-2.0.0.tgz#dc9770e39eb9f633c9a8663d32b19e2a7850def8"
  integrity sha512-LbjZbMWN9S3VAJ3Xlq1W6lpJPsAp62quMJCY1W71j4K/pchIMwGhUCUf1xk68jqHbHzNOoZ/kyaR+/9dDkbi8A==

"@tinyhttp/etag@2.0.0":
  version "2.0.0"
  resolved "https://registry.yarnpkg.com/@tinyhttp/etag/-/etag-2.0.0.tgz#4af0a0090d13620ac40b3cbf9d7e94912258538e"
  integrity sha512-+qi7KjA1wlgCOSUwJfbW9ACy6fSyDx9t7A8SzbyukWH6Rg5IRkFAwn6ooPHDuPWaUhaCl402t+tm+/np+GiTLw==

"@tinyhttp/forwarded@2.0.0":
  version "2.0.0"
  resolved "https://registry.yarnpkg.com/@tinyhttp/forwarded/-/forwarded-2.0.0.tgz#794f39e162a5ba8cecf47d2563e2c95cd3220393"
  integrity sha512-NtARty+M7SlY9j2I5UqOeJxAysBz1X2D3XReu0PRMRxwohXEArkp1TyJHzNv19NUCVi6Cl6LPgZ6w0jzfdOkVg==

"@tinyhttp/proxy-addr@2.0.0":
  version "2.0.0"
  resolved "https://registry.yarnpkg.com/@tinyhttp/proxy-addr/-/proxy-addr-2.0.0.tgz#4146bec01985c51e6438072aec611b0a7e4530a4"
  integrity sha512-51rmpA84BVZOxeswrFEuR5MhipQ5IruHTAeZSfCY6rkwKarMKz8OENnecvHU0u7ONVvhKQbNWEL80ddYrzs4yg==
  dependencies:
    "@tinyhttp/forwarded" "2.0.0"
    ipaddr.js "^2.0.1"

"@tinyhttp/req@2.0.0":
  version "2.0.0"
  resolved "https://registry.yarnpkg.com/@tinyhttp/req/-/req-2.0.0.tgz#14b5a24c95cb0c07a169f03fc50dd55ed17244c3"
  integrity sha512-2p/IG5QEZ11bLOdOdrPPpxncP5nlNZ1FvJ/pfY6WYgwr/627mAgQVRJGu8M76f61qfve/ITuP2YfkUgmD5g7Aw==
  dependencies:
    "@tinyhttp/accepts" "2.0.0"
    "@tinyhttp/type-is" "2.0.0"
    "@tinyhttp/url" "2.0.0"
    es-fresh "^0.0.10"
    range-parser "^1.2.1"

"@tinyhttp/res@2.0.0":
  version "2.0.0"
  resolved "https://registry.yarnpkg.com/@tinyhttp/res/-/res-2.0.0.tgz#f27e9a84eceef59c8c76dd6b535a726030f4d1d3"
  integrity sha512-C9VVia4narJ/5V2sKB3VN6a6xFnE1O+LFqCIMi+yR4yHKP/DZNibtTbnrFYqA/0YVUwPLh53Hw+AkvBAFK1u7Q==
  dependencies:
    "@tinyhttp/content-disposition" "2.0.0"
    "@tinyhttp/cookie" "2.0.0"
    "@tinyhttp/cookie-signature" "2.0.0"
    "@tinyhttp/encode-url" "2.0.0"
    "@tinyhttp/req" "2.0.0"
    "@tinyhttp/send" "2.0.0"
    es-escape-html "^0.1.1"
    es-mime-types "^0.1.3"
    es-vary "^0.1.1"

"@tinyhttp/router@2.0.0":
  version "2.0.0"
  resolved "https://registry.yarnpkg.com/@tinyhttp/router/-/router-2.0.0.tgz#9df7b558d20be4afd21881acea2c27fa18566b0a"
  integrity sha512-hH/kFhsTkaZQfKQI3S82SLEzoMxPAEuw26VqlvrkgaIZVW9hfwvM/lmbplj5KcrPLkzUKz1zYJofgr69CV0Klg==

"@tinyhttp/send@2.0.0":
  version "2.0.0"
  resolved "https://registry.yarnpkg.com/@tinyhttp/send/-/send-2.0.0.tgz#87a05335fe71c288a8c4d12de56d91de1e516d81"
  integrity sha512-L3avzFlfIc3Hle0QriiLbFYjeJa40OGHX3Y9vM4jFORhDo/hEcLaaQjB4D4vZN19vrLFXXKfrGA5raL004TZwQ==
  dependencies:
    "@tinyhttp/etag" "2.0.0"
    es-content-type "^0.1.0"
    es-mime-types "^0.1.3"

"@tinyhttp/type-is@2.0.0":
  version "2.0.0"
  resolved "https://registry.yarnpkg.com/@tinyhttp/type-is/-/type-is-2.0.0.tgz#ff41de3ad846cba75dc5d9c66eb344ea1c8552e6"
  integrity sha512-chuPbjRcT4V1kh1EHphwWCro7EaSK0LG3ipmjmyLB0V6CH2DRmNNpEV8ZMHO8HRcGIvbh/09A2Zi0QOBmjAUNw==
  dependencies:
    es-content-type "^0.1.0"
    es-mime-types "^0.1.3"

"@tinyhttp/url@2.0.0":
  version "2.0.0"
  resolved "https://registry.yarnpkg.com/@tinyhttp/url/-/url-2.0.0.tgz#5ff6fa6961631498bfcb81ffad80fff4b595a458"
  integrity sha512-mHgBf3ZmRNoNgnzkfVbEk/RpSqOYpY8s3jlojs53Ltls05GoRXX4lNZ516lWkX+eq0ETdAEGNg/5bHTEHidhKA==

es-content-type@^0.1.0:
  version "0.1.0"
  resolved "https://registry.yarnpkg.com/es-content-type/-/es-content-type-0.1.0.tgz#711efbc3c6c1c58c83ca808f6a0fec56d11bc3c8"
  integrity sha512-DqWU9pSzhNlO10q+NQ/KebImLkKbwbcy0pSv3hNQfEpKFHsrqDJz2vajpZdq7nkiG9DoJcTh22oHGymp7XJd9g==

es-escape-html@^0.1.1:
  version "0.1.1"
  resolved "https://registry.yarnpkg.com/es-escape-html/-/es-escape-html-0.1.1.tgz#9a582d49754ec6204524952c76a383fe5f03c1c0"
  integrity sha512-yUx1o+8RsG7UlszmYPtks+dm6Lho2m8lgHMOsLJQsFI0R8XwUJwiMhM1M4E/S8QLeGyf6MkDV/pWgjQ0tdTSyQ==

es-fresh@^0.0.10:
  version "0.0.10"
  resolved "https://registry.yarnpkg.com/es-fresh/-/es-fresh-0.0.10.tgz#c746507680980d5894c9bce017da8ff8fe98e2e6"
  integrity sha512-/e5etUqtxj7JktALldpsDNC84DOHavN9PqojnTTGeX1M2/Q4/SF8d55d7AsB3n66WYS43hdBbn0sAllto5kSIg==

es-mime-types@^0.1.3:
  version "0.1.3"
  resolved "https://registry.yarnpkg.com/es-mime-types/-/es-mime-types-0.1.3.tgz#c96c02a87bbc477b5f56b2f59904893e62686e50"
  integrity sha512-LcyBLQFEm2wnZdvbLYHDZ03Yb55hX/v7TNhPpgZKeOleJFTkwF4bYkkBFHRBEvg+9duGxx3cMYVkwBDMcA+LfA==
  dependencies:
    mime-db "^1.48.0"

es-vary@^0.1.1:
  version "0.1.1"
  resolved "https://registry.yarnpkg.com/es-vary/-/es-vary-0.1.1.tgz#7715e1198d603b7ed8369c0e14e1f462dfbcc0d3"
  integrity sha512-4UOWrTu8lz5otSyWxcS0LbYz8WyYOEiWHGkBIu0VfhTsY+vtc7+fOSDHsxtEUBeu7mDnTwqsKg5NEXeq5Da1Hg==

ipaddr.js@^2.0.1:
  version "2.0.1"
  resolved "https://registry.yarnpkg.com/ipaddr.js/-/ipaddr.js-2.0.1.tgz#eca256a7a877e917aeb368b0a7497ddf42ef81c0"
  integrity sha512-1qTgH9NG+IIJ4yfKs2e6Pp1bZg8wbDbKHT21HrLIeYBTRLgMYKnMTPAuI3Lcs61nfx5h1xlXnbJtH1kX5/d/ng==

mime-db@^1.48.0:
  version "1.49.0"
  resolved "https://registry.yarnpkg.com/mime-db/-/mime-db-1.49.0.tgz#f3dfde60c99e9cf3bc9701d687778f537001cbed"
  integrity sha512-CIc8j9URtOVApSFCQIF+VBkX1RwXp/oMMOrqdyXSBXq5RWNEsRfyj1kiRnQgmNXmHxPoFIxOroKA3zcU9P+nAA==

mime@^2.3.1:
  version "2.5.2"
  resolved "https://registry.yarnpkg.com/mime/-/mime-2.5.2.tgz#6e3dc6cc2b9510643830e5f19d5cb753da5eeabe"
  integrity sha512-tqkh47FzKeCPD2PUiPB6pkbMzsCasjxAfC62/Wap5qrUWcb+sFasXUC5I3gYM5iBM8v/Qpn4UK0x+j0iHyFPDg==

negotiator@^0.6.2:
  version "0.6.2"
  resolved "https://registry.yarnpkg.com/negotiator/-/negotiator-0.6.2.tgz#feacf7ccf525a77ae9634436a64883ffeca346fb"
  integrity sha512-hZXc7K2e+PgeI1eDBe/10Ard4ekbfrrqG8Ep+8Jmf4JID2bNg7NvCPOZN+kfF574pFQI7mum2AUqDidoKqcTOw==

range-parser@^1.2.1:
  version "1.2.1"
  resolved "https://registry.yarnpkg.com/range-parser/-/range-parser-1.2.1.tgz#3cf37023d199e1c24d1a55b84800c2f3e6468031"
  integrity sha512-Hrgsx+orqoygnmhFbKaHE6c296J+HTAQXoxEF6gNupROmmGJRoyzfG3ccAveqCBrwr/2yxQ5BVd/GTl5agOwSg==

regexparam@^2.0.0:
  version "2.0.0"
  resolved "https://registry.yarnpkg.com/regexparam/-/regexparam-2.0.0.tgz#059476767d5f5f87f735fc7922d133fd1a118c8c"
  integrity sha512-gJKwd2MVPWHAIFLsaYDZfyKzHNS4o7E/v8YmNf44vmeV2e4YfVoDToTOKTvE7ab68cRJ++kLuEXJBaEeJVt5ow==

sirv@^1.0.17:
  version "1.0.17"
  resolved "https://registry.yarnpkg.com/sirv/-/sirv-1.0.17.tgz#86e2c63c612da5a1dace1c16c46f524aaa26ac45"
  integrity sha512-qx9go5yraB7ekT7bCMqUHJ5jEaOC/GXBxUWv+jeWnb7WzHUFdcQPGWk7YmAwFBaQBrogpuSqd/azbC2lZRqqmw==
  dependencies:
    "@polka/url" "^1.0.0-next.20"
    mime "^2.3.1"
    totalist "^1.0.0"

totalist@^1.0.0:
  version "1.1.0"
  resolved "https://registry.yarnpkg.com/totalist/-/totalist-1.1.0.tgz#a4d65a3e546517701e3e5c37a47a70ac97fe56df"
  integrity sha512-gduQwd1rOdDMGxFG1gEvhV88Oirdo2p+KjoYFU7k2g+i7n6AFFbDQ5kMPUsW0pNbfQsB/cwXvT1i4Bue0s9g5g==
